
Microsoft Visual Studio Solution File, Format Version 12.00
# Visual Studio Version 17
VisualStudioVersion = 17.0.31903.59
MinimumVisualStudioVersion = 10.0.40219.1
Project("{2150E333-8FDC-42A3-9474-1A3956D46DE8}") = "src", "src", "{7AAD3863-59A3-41C9-B1EF-DB927423F88E}"
EndProject
Project("{FAE04EC0-301F-11D3-BF4B-00C04F79EFBC}") = "CalcClock.App", "src\CalcClock.App\CalcClock.App.csproj", "{C217E4C8-BFCA-4CEE-838C-70E01B3C293E}"
EndProject
Project("{FAE04EC0-301F-11D3-BF4B-00C04F79EFBC}") = "CalcClock.Core", "src\CalcClock.Core\CalcClock.Core.csproj", "{C66E5785-E819-48D5-93FC-23EA8EF51BBC}"
EndProject
Project("{2150E333-8FDC-42A3-9474-1A3956D46DE8}") = "tests", "tests", "{A1F2634A-CE7D-4040-9BBF-9F1DCE12120E}"
EndProject
Project("{FAE04EC0-301F-11D3-BF4B-00C04F79EFBC}") = "CalcClock.Core.Tests", "tests\CalcClock.Core.Tests\CalcClock.Core.Tests.csproj", "{909F36C3-7F9E-447D-9C8D-0ECBAE65BC6F}"
EndProject
Global
	GlobalSection(SolutionConfigurationPlatforms) = preSolution
		Debug|Any CPU = Debug|Any CPU
		Release|Any CPU = Release|Any CPU
	EndGlobalSection
	GlobalSection(SolutionProperties) = preSolution
		HideSolutionNode = FALSE
	EndGlobalSection
	GlobalSection(ProjectConfigurationPlatforms) = postSolution
		{C217E4C8-BFCA-4CEE-838C-70E01B3C293E}.Debug|Any CPU.ActiveCfg = Debug|x64
		{C217E4C8-BFCA-4CEE-838C-70E01B3C293E}.Debug|Any CPU.Build.0 = Debug|x64
		{C217E4C8-BFCA-4CEE-838C-70E01B3C293E}.Release|Any CPU.ActiveCfg = Release|x64
		{C217E4C8-BFCA-4CEE-838C-70E01B3C293E}.Release|Any CPU.Build.0 = Release|x64
		{C66E5785-E819-48D5-93FC-23EA8EF51BBC}.Debug|Any CPU.ActiveCfg = Debug|Any CPU
		{C66E5785-E819-48D5-93FC-23EA8EF51BBC}.Debug|Any CPU.Build.0 = Debug|Any CPU
		{C66E5785-E819-48D5-93FC-23EA8EF51BBC}.Release|Any CPU.ActiveCfg = Release|Any CPU
		{C66E5785-E819-48D5-93FC-23EA8EF51BBC}.Release|Any CPU.Build.0 = Release|Any CPU
		{909F36C3-7F9E-447D-9C8D-0ECBAE65BC6F}.Debug|Any CPU.ActiveCfg = Debug|Any CPU
		{909F36C3-7F9E-447D-9C8D-0ECBAE65BC6F}.Debug|Any CPU.Build.0 = Debug|Any CPU
		{909F36C3-7F9E-447D-9C8D-0ECBAE65BC6F}.Release|Any CPU.ActiveCfg = Release|Any CPU
		{909F36C3-7F9E-447D-9C8D-0ECBAE65BC6F}.Release|Any CPU.Build.0 = Release|Any CPU
	EndGlobalSection
	GlobalSection(NestedProjects) = preSolution
		{C217E4C8-BFCA-4CEE-838C-70E01B3C293E} = {7AAD3863-59A3-41C9-B1EF-DB927423F88E}
		{C66E5785-E819-48D5-93FC-23EA8EF51BBC} = {7AAD3863-59A3-41C9-B1EF-DB927423F88E}
		{909F36C3-7F9E-447D-9C8D-0ECBAE65BC6F} = {A1F2634A-CE7D-4040-9BBF-9F1DCE12120E}
	EndGlobalSection
EndGlobal
